
Microsoft Visual Studio Solution File, Format Version 12.00
# Visual Studio Version 16
VisualStudioVersion = 16.0.29209.62
MinimumVisualStudioVersion = 10.0.40219.1
Project("{FAE04EC0-301F-11D3-BF4B-00C04F79EFBC}") = "LiveClash", "LiveClash\LiveClash.csproj", "{ABCA22C9-5010-46D8-9CEE-DE54B9558DF2}"
EndProject
Global
	GlobalSection(SolutionConfigurationPlatforms) = preSolution
		Debug|Any CPU = Debug|Any CPU
		Release|Any CPU = Release|Any CPU
	EndGlobalSection
	GlobalSection(ProjectConfigurationPlatforms) = postSolution
		{ABCA22C9-5010-46D8-9CEE-DE54B9558DF2}.Debug|Any CPU.ActiveCfg = Debug|Any CPU
		{ABCA22C9-5010-46D8-9CEE-DE54B9558DF2}.Debug|Any CPU.Build.0 = Debug|Any CPU
		{ABCA22C9-5010-46D8-9CEE-DE54B9558DF2}.Release|Any CPU.ActiveCfg = Release|Any CPU
		{ABCA22C9-5010-46D8-9CEE-DE54B9558DF2}.Release|Any CPU.Build.0 = Release|Any CPU
	EndGlobalSection
	GlobalSection(SolutionProperties) = preSolution
		HideSolutionNode = FALSE
	EndGlobalSection
	GlobalSection(ExtensibilityGlobals) = postSolution
		SolutionGuid = {5AE0FEB2-F5FC-40C2-ADDF-9AF8CBA8A348}
	EndGlobalSection
EndGlobal
